
Microsoft Visual Studio Solution File, Format Version 12.00
# Visual Studio Version 17
VisualStudioVersion = 17.6.33717.318
MinimumVisualStudioVersion = 10.0.40219.1
Project("{2150E333-8FDC-42A3-9474-1A3956D46DE8}") = "src", "src", "{5B8F3A5E-68A4-484E-BC8D-99B9831EA177}"
EndProject
Project("{2150E333-8FDC-42A3-9474-1A3956D46DE8}") = "BuildingBlocks", "BuildingBlocks", "{A6075467-7024-43D7-A304-622AD5B1EB11}"
EndProject
Project("{2150E333-8FDC-42A3-9474-1A3956D46DE8}") = "Services", "Services", "{C6C7DED2-8263-444F-B796-E891E2B30405}"
EndProject
Project("{2150E333-8FDC-42A3-9474-1A3956D46DE8}") = "EventBus", "EventBus", "{D83870F3-2D2B-4BA7-8533-9187E6C50643}"
EndProject
Project("{9A19103F-16F7-4668-BE54-9A1E7A4F7556}") = "Services.Common", "src\Services\Common\Services.Common\Services.Common.csproj", "{5AC2D00D-ED7E-4AA6-AA67-10CF9F2ADB50}"
EndProject
Project("{2150E333-8FDC-42A3-9474-1A3956D46DE8}") = "Common", "Common", "{CBB3CFA8-FAF5-4696-A8AA-E1BC3BF283A8}"
EndProject
Project("{2150E333-8FDC-42A3-9474-1A3956D46DE8}") = "Identity", "Identity", "{71E67C15-55E4-4B31-868E-F5B1DC16A2EC}"
EndProject
Project("{9A19103F-16F7-4668-BE54-9A1E7A4F7556}") = "Identity.API", "src\Services\Identity\Identity.API\Identity.API.csproj", "{5B294924-F204-4375-B866-A6EF8ECDC059}"
EndProject
Project("{E53339B2-1760-4266-BCC7-CA923CBCF16C}") = "docker-compose", "docker-compose.dcproj", "{7143865E-BBA9-48B3-832E-2EE9BF12561E}"
EndProject
Project("{9A19103F-16F7-4668-BE54-9A1E7A4F7556}") = "EventBusRabbitMq", "src\BuildingBlocks\EventBus\EventBusRabbitMq\EventBusRabbitMq.csproj", "{C438919A-843D-45BE-AA80-B5B2F79AC77E}"
EndProject
Project("{2150E333-8FDC-42A3-9474-1A3956D46DE8}") = "ApiGateways", "ApiGateways", "{A35CDFCF-CFA1-4F66-8AE4-FF5CF3DA336A}"
EndProject
Project("{2150E333-8FDC-42A3-9474-1A3956D46DE8}") = "Web.Bff", "Web.Bff", "{3E611623-2B1A-4A8E-9A3F-621362B90C0C}"
EndProject
Project("{9A19103F-16F7-4668-BE54-9A1E7A4F7556}") = "Web.Bff.ApiGateway", "src\ApiGateways\Web.Bff\Web.Bff.ApiGateway\Web.Bff.ApiGateway.csproj", "{3CC927AB-5407-41F6-9ED3-BCC38DAEA7AF}"
EndProject
Project("{2150E333-8FDC-42A3-9474-1A3956D46DE8}") = "Question", "Question", "{17B9D12C-C82A-495F-977C-0C9139355797}"
EndProject
Project("{9A19103F-16F7-4668-BE54-9A1E7A4F7556}") = "Question.API", "src\Services\Question\Question.API\Question.API.csproj", "{4903ADB3-63CF-40DA-86DA-AC2EBC12C8F9}"
EndProject
Project("{2150E333-8FDC-42A3-9474-1A3956D46DE8}") = "Answer", "Answer", "{888252C6-AF07-4150-AD4A-7CFD3DEFB38F}"
EndProject
Project("{9A19103F-16F7-4668-BE54-9A1E7A4F7556}") = "Answer.API", "src\Services\Answer\Answer.API\Answer.API.csproj", "{92710281-55C7-4D0C-BBA4-C4F432A090E0}"
EndProject
Project("{2150E333-8FDC-42A3-9474-1A3956D46DE8}") = "Theme", "Theme", "{22914468-D56F-4272-9532-8E81529B3D64}"
EndProject
Project("{9A19103F-16F7-4668-BE54-9A1E7A4F7556}") = "Theme.API", "src\Services\Theme\Theme.API\Theme.API.csproj", "{F08C973A-A3A2-47A8-95B4-84F6E6615170}"
EndProject
Project("{2150E333-8FDC-42A3-9474-1A3956D46DE8}") = "Quest", "Quest", "{226287A9-EC84-47CD-9011-D745A8C1AD73}"
EndProject
Project("{9A19103F-16F7-4668-BE54-9A1E7A4F7556}") = "Quest.API", "src\Services\Quest\Quest.API\Quest.API.csproj", "{B60F9613-3FB7-4DB7-AD25-4C35FC759846}"
EndProject
Project("{2150E333-8FDC-42A3-9474-1A3956D46DE8}") = "Test", "Test", "{0449A11F-89D9-4544-B3D1-4611BA5B22F2}"
EndProject
Project("{9A19103F-16F7-4668-BE54-9A1E7A4F7556}") = "Test.API", "src\Services\Test\Test.API\Test.API.csproj", "{E5141B4C-2633-4579-B7FB-AC6FA0CA1C56}"
EndProject
Project("{2150E333-8FDC-42A3-9474-1A3956D46DE8}") = "Membership", "Membership", "{0712033D-CF9A-4585-992C-FC5726DE7C51}"
EndProject
Project("{FAE04EC0-301F-11D3-BF4B-00C04F79EFBC}") = "Membership.API", "src\Services\Membership\Membership.API\Membership.API.csproj", "{56AC61D6-A93D-4007-9BD3-3B4A5267BB4F}"
EndProject
Project("{FAE04EC0-301F-11D3-BF4B-00C04F79EFBC}") = "Membership.BackgroundTasks", "src\Services\Membership\Membership.BackgroundTasks\Membership.BackgroundTasks.csproj", "{15628D7F-FC06-4960-88C1-51A4D505E136}"
EndProject
Project("{FAE04EC0-301F-11D3-BF4B-00C04F79EFBC}") = "Quest.BackgroundTasks", "src\Services\Quest\Quests.BackgroundTasks\Quest.BackgroundTasks.csproj", "{2951EDC2-50FE-4038-B7A9-0D9DD752EBBE}"
EndProject
Project("{2150E333-8FDC-42A3-9474-1A3956D46DE8}") = "Statistic", "Statistic", "{FE9421E3-2FA5-4D35-A52F-DC5D1148BEBB}"
EndProject
Project("{FAE04EC0-301F-11D3-BF4B-00C04F79EFBC}") = "Statistic.API", "src\Services\Statistic\Statistic.API\Statistic.API.csproj", "{49FCB764-3B02-4A6E-823E-4A3CD0CA62BD}"
EndProject
Global
	GlobalSection(SolutionConfigurationPlatforms) = preSolution
		Debug|Any CPU = Debug|Any CPU
		Release|Any CPU = Release|Any CPU
	EndGlobalSection
	GlobalSection(ProjectConfigurationPlatforms) = postSolution
		{5AC2D00D-ED7E-4AA6-AA67-10CF9F2ADB50}.Debug|Any CPU.ActiveCfg = Debug|Any CPU
		{5AC2D00D-ED7E-4AA6-AA67-10CF9F2ADB50}.Debug|Any CPU.Build.0 = Debug|Any CPU
		{5AC2D00D-ED7E-4AA6-AA67-10CF9F2ADB50}.Release|Any CPU.ActiveCfg = Release|Any CPU
		{5AC2D00D-ED7E-4AA6-AA67-10CF9F2ADB50}.Release|Any CPU.Build.0 = Release|Any CPU
		{5B294924-F204-4375-B866-A6EF8ECDC059}.Debug|Any CPU.ActiveCfg = Debug|Any CPU
		{5B294924-F204-4375-B866-A6EF8ECDC059}.Debug|Any CPU.Build.0 = Debug|Any CPU
		{5B294924-F204-4375-B866-A6EF8ECDC059}.Release|Any CPU.ActiveCfg = Release|Any CPU
		{5B294924-F204-4375-B866-A6EF8ECDC059}.Release|Any CPU.Build.0 = Release|Any CPU
		{7143865E-BBA9-48B3-832E-2EE9BF12561E}.Debug|Any CPU.ActiveCfg = Debug|Any CPU
		{7143865E-BBA9-48B3-832E-2EE9BF12561E}.Debug|Any CPU.Build.0 = Debug|Any CPU
		{7143865E-BBA9-48B3-832E-2EE9BF12561E}.Release|Any CPU.ActiveCfg = Release|Any CPU
		{7143865E-BBA9-48B3-832E-2EE9BF12561E}.Release|Any CPU.Build.0 = Release|Any CPU
		{C438919A-843D-45BE-AA80-B5B2F79AC77E}.Debug|Any CPU.ActiveCfg = Debug|Any CPU
		{C438919A-843D-45BE-AA80-B5B2F79AC77E}.Debug|Any CPU.Build.0 = Debug|Any CPU
		{C438919A-843D-45BE-AA80-B5B2F79AC77E}.Release|Any CPU.ActiveCfg = Release|Any CPU
		{C438919A-843D-45BE-AA80-B5B2F79AC77E}.Release|Any CPU.Build.0 = Release|Any CPU
		{3CC927AB-5407-41F6-9ED3-BCC38DAEA7AF}.Debug|Any CPU.ActiveCfg = Debug|Any CPU
		{3CC927AB-5407-41F6-9ED3-BCC38DAEA7AF}.Debug|Any CPU.Build.0 = Debug|Any CPU
		{3CC927AB-5407-41F6-9ED3-BCC38DAEA7AF}.Release|Any CPU.ActiveCfg = Release|Any CPU
		{3CC927AB-5407-41F6-9ED3-BCC38DAEA7AF}.Release|Any CPU.Build.0 = Release|Any CPU
		{4903ADB3-63CF-40DA-86DA-AC2EBC12C8F9}.Debug|Any CPU.ActiveCfg = Debug|Any CPU
		{4903ADB3-63CF-40DA-86DA-AC2EBC12C8F9}.Debug|Any CPU.Build.0 = Debug|Any CPU
		{4903ADB3-63CF-40DA-86DA-AC2EBC12C8F9}.Release|Any CPU.ActiveCfg = Release|Any CPU
		{4903ADB3-63CF-40DA-86DA-AC2EBC12C8F9}.Release|Any CPU.Build.0 = Release|Any CPU
		{92710281-55C7-4D0C-BBA4-C4F432A090E0}.Debug|Any CPU.ActiveCfg = Debug|Any CPU
		{92710281-55C7-4D0C-BBA4-C4F432A090E0}.Debug|Any CPU.Build.0 = Debug|Any CPU
		{92710281-55C7-4D0C-BBA4-C4F432A090E0}.Release|Any CPU.ActiveCfg = Release|Any CPU
		{92710281-55C7-4D0C-BBA4-C4F432A090E0}.Release|Any CPU.Build.0 = Release|Any CPU
		{F08C973A-A3A2-47A8-95B4-84F6E6615170}.Debug|Any CPU.ActiveCfg = Debug|Any CPU
		{F08C973A-A3A2-47A8-95B4-84F6E6615170}.Debug|Any CPU.Build.0 = Debug|Any CPU
		{F08C973A-A3A2-47A8-95B4-84F6E6615170}.Release|Any CPU.ActiveCfg = Release|Any CPU
		{F08C973A-A3A2-47A8-95B4-84F6E6615170}.Release|Any CPU.Build.0 = Release|Any CPU
		{B60F9613-3FB7-4DB7-AD25-4C35FC759846}.Debug|Any CPU.ActiveCfg = Debug|Any CPU
		{B60F9613-3FB7-4DB7-AD25-4C35FC759846}.Debug|Any CPU.Build.0 = Debug|Any CPU
		{B60F9613-3FB7-4DB7-AD25-4C35FC759846}.Release|Any CPU.ActiveCfg = Release|Any CPU
		{B60F9613-3FB7-4DB7-AD25-4C35FC759846}.Release|Any CPU.Build.0 = Release|Any CPU
		{E5141B4C-2633-4579-B7FB-AC6FA0CA1C56}.Debug|Any CPU.ActiveCfg = Debug|Any CPU
		{E5141B4C-2633-4579-B7FB-AC6FA0CA1C56}.Debug|Any CPU.Build.0 = Debug|Any CPU
		{E5141B4C-2633-4579-B7FB-AC6FA0CA1C56}.Release|Any CPU.ActiveCfg = Release|Any CPU
		{E5141B4C-2633-4579-B7FB-AC6FA0CA1C56}.Release|Any CPU.Build.0 = Release|Any CPU
		{56AC61D6-A93D-4007-9BD3-3B4A5267BB4F}.Debug|Any CPU.ActiveCfg = Debug|Any CPU
		{56AC61D6-A93D-4007-9BD3-3B4A5267BB4F}.Debug|Any CPU.Build.0 = Debug|Any CPU
		{56AC61D6-A93D-4007-9BD3-3B4A5267BB4F}.Release|Any CPU.ActiveCfg = Release|Any CPU
		{56AC61D6-A93D-4007-9BD3-3B4A5267BB4F}.Release|Any CPU.Build.0 = Release|Any CPU
		{15628D7F-FC06-4960-88C1-51A4D505E136}.Debug|Any CPU.ActiveCfg = Debug|Any CPU
		{15628D7F-FC06-4960-88C1-51A4D505E136}.Debug|Any CPU.Build.0 = Debug|Any CPU
		{15628D7F-FC06-4960-88C1-51A4D505E136}.Release|Any CPU.ActiveCfg = Release|Any CPU
		{15628D7F-FC06-4960-88C1-51A4D505E136}.Release|Any CPU.Build.0 = Release|Any CPU
		{2951EDC2-50FE-4038-B7A9-0D9DD752EBBE}.Debug|Any CPU.ActiveCfg = Debug|Any CPU
		{2951EDC2-50FE-4038-B7A9-0D9DD752EBBE}.Debug|Any CPU.Build.0 = Debug|Any CPU
		{2951EDC2-50FE-4038-B7A9-0D9DD752EBBE}.Release|Any CPU.ActiveCfg = Release|Any CPU
		{2951EDC2-50FE-4038-B7A9-0D9DD752EBBE}.Release|Any CPU.Build.0 = Release|Any CPU
		{49FCB764-3B02-4A6E-823E-4A3CD0CA62BD}.Debug|Any CPU.ActiveCfg = Debug|Any CPU
		{49FCB764-3B02-4A6E-823E-4A3CD0CA62BD}.Debug|Any CPU.Build.0 = Debug|Any CPU
		{49FCB764-3B02-4A6E-823E-4A3CD0CA62BD}.Release|Any CPU.ActiveCfg = Release|Any CPU
		{49FCB764-3B02-4A6E-823E-4A3CD0CA62BD}.Release|Any CPU.Build.0 = Release|Any CPU
	EndGlobalSection
	GlobalSection(SolutionProperties) = preSolution
		HideSolutionNode = FALSE
	EndGlobalSection
	GlobalSection(NestedProjects) = preSolution
		{A6075467-7024-43D7-A304-622AD5B1EB11} = {5B8F3A5E-68A4-484E-BC8D-99B9831EA177}
		{C6C7DED2-8263-444F-B796-E891E2B30405} = {5B8F3A5E-68A4-484E-BC8D-99B9831EA177}
		{D83870F3-2D2B-4BA7-8533-9187E6C50643} = {A6075467-7024-43D7-A304-622AD5B1EB11}
		{5AC2D00D-ED7E-4AA6-AA67-10CF9F2ADB50} = {CBB3CFA8-FAF5-4696-A8AA-E1BC3BF283A8}
		{CBB3CFA8-FAF5-4696-A8AA-E1BC3BF283A8} = {C6C7DED2-8263-444F-B796-E891E2B30405}
		{71E67C15-55E4-4B31-868E-F5B1DC16A2EC} = {C6C7DED2-8263-444F-B796-E891E2B30405}
		{5B294924-F204-4375-B866-A6EF8ECDC059} = {71E67C15-55E4-4B31-868E-F5B1DC16A2EC}
		{C438919A-843D-45BE-AA80-B5B2F79AC77E} = {D83870F3-2D2B-4BA7-8533-9187E6C50643}
		{A35CDFCF-CFA1-4F66-8AE4-FF5CF3DA336A} = {5B8F3A5E-68A4-484E-BC8D-99B9831EA177}
		{3E611623-2B1A-4A8E-9A3F-621362B90C0C} = {A35CDFCF-CFA1-4F66-8AE4-FF5CF3DA336A}
		{3CC927AB-5407-41F6-9ED3-BCC38DAEA7AF} = {3E611623-2B1A-4A8E-9A3F-621362B90C0C}
		{17B9D12C-C82A-495F-977C-0C9139355797} = {C6C7DED2-8263-444F-B796-E891E2B30405}
		{4903ADB3-63CF-40DA-86DA-AC2EBC12C8F9} = {17B9D12C-C82A-495F-977C-0C9139355797}
		{888252C6-AF07-4150-AD4A-7CFD3DEFB38F} = {C6C7DED2-8263-444F-B796-E891E2B30405}
		{92710281-55C7-4D0C-BBA4-C4F432A090E0} = {888252C6-AF07-4150-AD4A-7CFD3DEFB38F}
		{22914468-D56F-4272-9532-8E81529B3D64} = {C6C7DED2-8263-444F-B796-E891E2B30405}
		{F08C973A-A3A2-47A8-95B4-84F6E6615170} = {22914468-D56F-4272-9532-8E81529B3D64}
		{226287A9-EC84-47CD-9011-D745A8C1AD73} = {C6C7DED2-8263-444F-B796-E891E2B30405}
		{B60F9613-3FB7-4DB7-AD25-4C35FC759846} = {226287A9-EC84-47CD-9011-D745A8C1AD73}
		{0449A11F-89D9-4544-B3D1-4611BA5B22F2} = {C6C7DED2-8263-444F-B796-E891E2B30405}
		{E5141B4C-2633-4579-B7FB-AC6FA0CA1C56} = {0449A11F-89D9-4544-B3D1-4611BA5B22F2}
		{0712033D-CF9A-4585-992C-FC5726DE7C51} = {C6C7DED2-8263-444F-B796-E891E2B30405}
		{56AC61D6-A93D-4007-9BD3-3B4A5267BB4F} = {0712033D-CF9A-4585-992C-FC5726DE7C51}
		{15628D7F-FC06-4960-88C1-51A4D505E136} = {0712033D-CF9A-4585-992C-FC5726DE7C51}
		{2951EDC2-50FE-4038-B7A9-0D9DD752EBBE} = {226287A9-EC84-47CD-9011-D745A8C1AD73}
		{FE9421E3-2FA5-4D35-A52F-DC5D1148BEBB} = {C6C7DED2-8263-444F-B796-E891E2B30405}
		{49FCB764-3B02-4A6E-823E-4A3CD0CA62BD} = {FE9421E3-2FA5-4D35-A52F-DC5D1148BEBB}
	EndGlobalSection
	GlobalSection(ExtensibilityGlobals) = postSolution
		SolutionGuid = {41D89F08-D26A-46CC-90EA-1E678C03DE7A}
	EndGlobalSection
EndGlobal
