
Microsoft Visual Studio Solution File, Format Version 12.00
# Visual Studio Version 17
VisualStudioVersion = 17.6.33717.318
MinimumVisualStudioVersion = 10.0.40219.1
Project("{2150E333-8FDC-42A3-9474-1A3956D46DE8}") = "src", "src", "{5B8F3A5E-68A4-484E-BC8D-99B9831EA177}"
EndProject
Project("{2150E333-8FDC-42A3-9474-1A3956D46DE8}") = "BuildingBlocks", "BuildingBlocks", "{A6075467-7024-43D7-A304-622AD5B1EB11}"
EndProject
Project("{2150E333-8FDC-42A3-9474-1A3956D46DE8}") = "Services", "Services", "{C6C7DED2-8263-444F-B796-E891E2B30405}"
EndProject
Project("{2150E333-8FDC-42A3-9474-1A3956D46DE8}") = "EventBus", "EventBus", "{D83870F3-2D2B-4BA7-8533-9187E6C50643}"
EndProject
Project("{9A19103F-16F7-4668-BE54-9A1E7A4F7556}") = "Services.Common", "src\Services\Common\Services.Common\Services.Common.csproj", "{5AC2D00D-ED7E-4AA6-AA67-10CF9F2ADB50}"
EndProject
Project("{2150E333-8FDC-42A3-9474-1A3956D46DE8}") = "Common", "Common", "{CBB3CFA8-FAF5-4696-A8AA-E1BC3BF283A8}"
EndProject
Project("{2150E333-8FDC-42A3-9474-1A3956D46DE8}") = "Identity", "Identity", "{71E67C15-55E4-4B31-868E-F5B1DC16A2EC}"
EndProject
Project("{9A19103F-16F7-4668-BE54-9A1E7A4F7556}") = "Identity.API", "src\Services\Identity\Identity.API\Identity.API.csproj", "{5B294924-F204-4375-B866-A6EF8ECDC059}"
EndProject
Project("{E53339B2-1760-4266-BCC7-CA923CBCF16C}") = "docker-compose", "docker-compose.dcproj", "{7143865E-BBA9-48B3-832E-2EE9BF12561E}"
EndProject
Project("{9A19103F-16F7-4668-BE54-9A1E7A4F7556}") = "EventBusRabbitMq", "src\BuildingBlocks\EventBus\EventBusRabbitMq\EventBusRabbitMq.csproj", "{C438919A-843D-45BE-AA80-B5B2F79AC77E}"
EndProject
Project("{2150E333-8FDC-42A3-9474-1A3956D46DE8}") = "ApiGateways", "ApiGateways", "{A35CDFCF-CFA1-4F66-8AE4-FF5CF3DA336A}"
EndProject
Project("{2150E333-8FDC-42A3-9474-1A3956D46DE8}") = "Web.Bff", "Web.Bff", "{3E611623-2B1A-4A8E-9A3F-621362B90C0C}"
EndProject
Project("{9A19103F-16F7-4668-BE54-9A1E7A4F7556}") = "Web.Bff.ApiGateway", "src\ApiGateways\Web.Bff\Web.Bff.ApiGateway\Web.Bff.ApiGateway.csproj", "{3CC927AB-5407-41F6-9ED3-BCC38DAEA7AF}"
EndProject
Project("{2150E333-8FDC-42A3-9474-1A3956D46DE8}") = "MediaStorage", "MediaStorage", "{07AF407D-8F00-4389-80C1-4A22E7B9F130}"
EndProject
Project("{2150E333-8FDC-42A3-9474-1A3956D46DE8}") = "Feed", "Feed", "{4F0A8882-EE7F-47D0-A92A-FCB06389A1DB}"
EndProject
Project("{9A19103F-16F7-4668-BE54-9A1E7A4F7556}") = "Feed.API", "src\Services\Feed\Feed.API\Feed.API.csproj", "{59EB6EFD-7603-4B40-873E-BF37402583A7}"
EndProject
Project("{2150E333-8FDC-42A3-9474-1A3956D46DE8}") = "Interaction", "Interaction", "{748C4FAF-905D-440E-BE11-7594DAD0058F}"
EndProject
Project("{9A19103F-16F7-4668-BE54-9A1E7A4F7556}") = "Interaction.API", "src\Services\Interaction\Interaction.API\Interaction.API.csproj", "{C5C97BF1-589E-419B-9485-3DCB4B33C40B}"
EndProject
Project("{9A19103F-16F7-4668-BE54-9A1E7A4F7556}") = "MediaStorage.API", "src\Services\MediaStorage\MediaStorage.API\MediaStorage.API.csproj", "{D5D3B123-0A6C-4037-BDFA-17E7D4C8D7BA}"
EndProject
Project("{2150E333-8FDC-42A3-9474-1A3956D46DE8}") = "PostComments", "PostComments", "{72E12BBF-8748-499D-B564-826DEDED0ED3}"
EndProject
Project("{FAE04EC0-301F-11D3-BF4B-00C04F79EFBC}") = "PostComments.API", "src\Services\PostComments\PostComments.API\PostComments.API.csproj", "{B11B911A-1493-4184-A0DD-C6DBBD91C552}"
EndProject
Project("{2150E333-8FDC-42A3-9474-1A3956D46DE8}") = "Post", "Post", "{B7D622C9-2CF9-49DA-B911-78A5E5284CF9}"
EndProject
Project("{FAE04EC0-301F-11D3-BF4B-00C04F79EFBC}") = "Post.API", "src\Services\Post\Post.API\Post.API.csproj", "{CC8769EE-6036-4120-A277-442A9896838B}"
EndProject
Global
	GlobalSection(SolutionConfigurationPlatforms) = preSolution
		Debug|Any CPU = Debug|Any CPU
		Release|Any CPU = Release|Any CPU
	EndGlobalSection
	GlobalSection(ProjectConfigurationPlatforms) = postSolution
		{5AC2D00D-ED7E-4AA6-AA67-10CF9F2ADB50}.Debug|Any CPU.ActiveCfg = Debug|Any CPU
		{5AC2D00D-ED7E-4AA6-AA67-10CF9F2ADB50}.Debug|Any CPU.Build.0 = Debug|Any CPU
		{5AC2D00D-ED7E-4AA6-AA67-10CF9F2ADB50}.Release|Any CPU.ActiveCfg = Release|Any CPU
		{5AC2D00D-ED7E-4AA6-AA67-10CF9F2ADB50}.Release|Any CPU.Build.0 = Release|Any CPU
		{5B294924-F204-4375-B866-A6EF8ECDC059}.Debug|Any CPU.ActiveCfg = Debug|Any CPU
		{5B294924-F204-4375-B866-A6EF8ECDC059}.Debug|Any CPU.Build.0 = Debug|Any CPU
		{5B294924-F204-4375-B866-A6EF8ECDC059}.Release|Any CPU.ActiveCfg = Release|Any CPU
		{5B294924-F204-4375-B866-A6EF8ECDC059}.Release|Any CPU.Build.0 = Release|Any CPU
		{7143865E-BBA9-48B3-832E-2EE9BF12561E}.Debug|Any CPU.ActiveCfg = Debug|Any CPU
		{7143865E-BBA9-48B3-832E-2EE9BF12561E}.Debug|Any CPU.Build.0 = Debug|Any CPU
		{7143865E-BBA9-48B3-832E-2EE9BF12561E}.Release|Any CPU.ActiveCfg = Release|Any CPU
		{7143865E-BBA9-48B3-832E-2EE9BF12561E}.Release|Any CPU.Build.0 = Release|Any CPU
		{C438919A-843D-45BE-AA80-B5B2F79AC77E}.Debug|Any CPU.ActiveCfg = Debug|Any CPU
		{C438919A-843D-45BE-AA80-B5B2F79AC77E}.Debug|Any CPU.Build.0 = Debug|Any CPU
		{C438919A-843D-45BE-AA80-B5B2F79AC77E}.Release|Any CPU.ActiveCfg = Release|Any CPU
		{C438919A-843D-45BE-AA80-B5B2F79AC77E}.Release|Any CPU.Build.0 = Release|Any CPU
		{3CC927AB-5407-41F6-9ED3-BCC38DAEA7AF}.Debug|Any CPU.ActiveCfg = Debug|Any CPU
		{3CC927AB-5407-41F6-9ED3-BCC38DAEA7AF}.Debug|Any CPU.Build.0 = Debug|Any CPU
		{3CC927AB-5407-41F6-9ED3-BCC38DAEA7AF}.Release|Any CPU.ActiveCfg = Release|Any CPU
		{3CC927AB-5407-41F6-9ED3-BCC38DAEA7AF}.Release|Any CPU.Build.0 = Release|Any CPU
		{59EB6EFD-7603-4B40-873E-BF37402583A7}.Debug|Any CPU.ActiveCfg = Debug|Any CPU
		{59EB6EFD-7603-4B40-873E-BF37402583A7}.Debug|Any CPU.Build.0 = Debug|Any CPU
		{59EB6EFD-7603-4B40-873E-BF37402583A7}.Release|Any CPU.ActiveCfg = Release|Any CPU
		{59EB6EFD-7603-4B40-873E-BF37402583A7}.Release|Any CPU.Build.0 = Release|Any CPU
		{C5C97BF1-589E-419B-9485-3DCB4B33C40B}.Debug|Any CPU.ActiveCfg = Debug|Any CPU
		{C5C97BF1-589E-419B-9485-3DCB4B33C40B}.Debug|Any CPU.Build.0 = Debug|Any CPU
		{C5C97BF1-589E-419B-9485-3DCB4B33C40B}.Release|Any CPU.ActiveCfg = Release|Any CPU
		{C5C97BF1-589E-419B-9485-3DCB4B33C40B}.Release|Any CPU.Build.0 = Release|Any CPU
		{D5D3B123-0A6C-4037-BDFA-17E7D4C8D7BA}.Debug|Any CPU.ActiveCfg = Debug|Any CPU
		{D5D3B123-0A6C-4037-BDFA-17E7D4C8D7BA}.Debug|Any CPU.Build.0 = Debug|Any CPU
		{D5D3B123-0A6C-4037-BDFA-17E7D4C8D7BA}.Release|Any CPU.ActiveCfg = Release|Any CPU
		{D5D3B123-0A6C-4037-BDFA-17E7D4C8D7BA}.Release|Any CPU.Build.0 = Release|Any CPU
		{B11B911A-1493-4184-A0DD-C6DBBD91C552}.Debug|Any CPU.ActiveCfg = Debug|Any CPU
		{B11B911A-1493-4184-A0DD-C6DBBD91C552}.Debug|Any CPU.Build.0 = Debug|Any CPU
		{B11B911A-1493-4184-A0DD-C6DBBD91C552}.Release|Any CPU.ActiveCfg = Release|Any CPU
		{B11B911A-1493-4184-A0DD-C6DBBD91C552}.Release|Any CPU.Build.0 = Release|Any CPU
		{CC8769EE-6036-4120-A277-442A9896838B}.Debug|Any CPU.ActiveCfg = Debug|Any CPU
		{CC8769EE-6036-4120-A277-442A9896838B}.Debug|Any CPU.Build.0 = Debug|Any CPU
		{CC8769EE-6036-4120-A277-442A9896838B}.Release|Any CPU.ActiveCfg = Release|Any CPU
		{CC8769EE-6036-4120-A277-442A9896838B}.Release|Any CPU.Build.0 = Release|Any CPU
	EndGlobalSection
	GlobalSection(SolutionProperties) = preSolution
		HideSolutionNode = FALSE
	EndGlobalSection
	GlobalSection(NestedProjects) = preSolution
		{A6075467-7024-43D7-A304-622AD5B1EB11} = {5B8F3A5E-68A4-484E-BC8D-99B9831EA177}
		{C6C7DED2-8263-444F-B796-E891E2B30405} = {5B8F3A5E-68A4-484E-BC8D-99B9831EA177}
		{D83870F3-2D2B-4BA7-8533-9187E6C50643} = {A6075467-7024-43D7-A304-622AD5B1EB11}
		{5AC2D00D-ED7E-4AA6-AA67-10CF9F2ADB50} = {CBB3CFA8-FAF5-4696-A8AA-E1BC3BF283A8}
		{CBB3CFA8-FAF5-4696-A8AA-E1BC3BF283A8} = {C6C7DED2-8263-444F-B796-E891E2B30405}
		{71E67C15-55E4-4B31-868E-F5B1DC16A2EC} = {C6C7DED2-8263-444F-B796-E891E2B30405}
		{5B294924-F204-4375-B866-A6EF8ECDC059} = {71E67C15-55E4-4B31-868E-F5B1DC16A2EC}
		{C438919A-843D-45BE-AA80-B5B2F79AC77E} = {D83870F3-2D2B-4BA7-8533-9187E6C50643}
		{A35CDFCF-CFA1-4F66-8AE4-FF5CF3DA336A} = {5B8F3A5E-68A4-484E-BC8D-99B9831EA177}
		{3E611623-2B1A-4A8E-9A3F-621362B90C0C} = {A35CDFCF-CFA1-4F66-8AE4-FF5CF3DA336A}
		{3CC927AB-5407-41F6-9ED3-BCC38DAEA7AF} = {3E611623-2B1A-4A8E-9A3F-621362B90C0C}
		{07AF407D-8F00-4389-80C1-4A22E7B9F130} = {C6C7DED2-8263-444F-B796-E891E2B30405}
		{4F0A8882-EE7F-47D0-A92A-FCB06389A1DB} = {C6C7DED2-8263-444F-B796-E891E2B30405}
		{59EB6EFD-7603-4B40-873E-BF37402583A7} = {4F0A8882-EE7F-47D0-A92A-FCB06389A1DB}
		{748C4FAF-905D-440E-BE11-7594DAD0058F} = {C6C7DED2-8263-444F-B796-E891E2B30405}
		{C5C97BF1-589E-419B-9485-3DCB4B33C40B} = {748C4FAF-905D-440E-BE11-7594DAD0058F}
		{D5D3B123-0A6C-4037-BDFA-17E7D4C8D7BA} = {07AF407D-8F00-4389-80C1-4A22E7B9F130}
		{72E12BBF-8748-499D-B564-826DEDED0ED3} = {C6C7DED2-8263-444F-B796-E891E2B30405}
		{B11B911A-1493-4184-A0DD-C6DBBD91C552} = {72E12BBF-8748-499D-B564-826DEDED0ED3}
		{B7D622C9-2CF9-49DA-B911-78A5E5284CF9} = {C6C7DED2-8263-444F-B796-E891E2B30405}
		{CC8769EE-6036-4120-A277-442A9896838B} = {B7D622C9-2CF9-49DA-B911-78A5E5284CF9}
	EndGlobalSection
	GlobalSection(ExtensibilityGlobals) = postSolution
		SolutionGuid = {41D89F08-D26A-46CC-90EA-1E678C03DE7A}
	EndGlobalSection
EndGlobal
